
Microsoft Visual Studio Solution File, Format Version 12.00
# Visual Studio 15
VisualStudioVersion = 15.0.28307.168
MinimumVisualStudioVersion = 10.0.40219.1
Project("{FAE04EC0-301F-11D3-BF4B-00C04F79EFBC}") = "ProjectDB", "ProjectDB\ProjectDB.csproj", "{659540B3-3A05-4895-A515-084E10D8B808}"
EndProject
Project("{FAE04EC0-301F-11D3-BF4B-00C04F79EFBC}") = "ProjectDBIntegrationTests", "UnitTestProject1\ProjectDBIntegrationTests.csproj", "{FBEA7BEE-F994-480D-9B42-9694523C65AD}"
EndProject
Global
	GlobalSection(SolutionConfigurationPlatforms) = preSolution
		Debug|Any CPU = Debug|Any CPU
		Release|Any CPU = Release|Any CPU
	EndGlobalSection
	GlobalSection(ProjectConfigurationPlatforms) = postSolution
		{659540B3-3A05-4895-A515-084E10D8B808}.Debug|Any CPU.ActiveCfg = Debug|Any CPU
		{659540B3-3A05-4895-A515-084E10D8B808}.Debug|Any CPU.Build.0 = Debug|Any CPU
		{659540B3-3A05-4895-A515-084E10D8B808}.Release|Any CPU.ActiveCfg = Release|Any CPU
		{659540B3-3A05-4895-A515-084E10D8B808}.Release|Any CPU.Build.0 = Release|Any CPU
		{FBEA7BEE-F994-480D-9B42-9694523C65AD}.Debug|Any CPU.ActiveCfg = Debug|Any CPU
		{FBEA7BEE-F994-480D-9B42-9694523C65AD}.Debug|Any CPU.Build.0 = Debug|Any CPU
		{FBEA7BEE-F994-480D-9B42-9694523C65AD}.Release|Any CPU.ActiveCfg = Release|Any CPU
		{FBEA7BEE-F994-480D-9B42-9694523C65AD}.Release|Any CPU.Build.0 = Release|Any CPU
	EndGlobalSection
	GlobalSection(SolutionProperties) = preSolution
		HideSolutionNode = FALSE
	EndGlobalSection
	GlobalSection(ExtensibilityGlobals) = postSolution
		SolutionGuid = {A28EB416-D77E-4D04-94FC-D0AA1417A5C9}
	EndGlobalSection
EndGlobal
